<?xml version="1.0" encoding="UTF-8" standalone="yes" ?>
<CodeBlocks_project_file>
   <FileVersion major="1" minor="6" />
   <Project>
      <Option title="dense_mapping" />
      <Option makefile_is_custom="1" />
      <Option compiler="gcc" />
      <Option virtualFolders="CMake Files\;" />
      <Build>
      <Target title="all">
         <Option working_dir="/home/shang/cpp_ws/practice_opencv3/build-dense_mapping-Desktop_Qt_5_8_0_GCC_64bit-Default" />
         <Option type="4" />
         <MakeCommands>
            <Build command="/usr/bin/make -f &quot;/home/shang/cpp_ws/practice_opencv3/build-dense_mapping-Desktop_Qt_5_8_0_GCC_64bit-Default/Makefile&quot;  VERBOSE=1 all" />
            <CompileFile command="/usr/bin/make -f &quot;/home/shang/cpp_ws/practice_opencv3/build-dense_mapping-Desktop_Qt_5_8_0_GCC_64bit-Default/Makefile&quot;  VERBOSE=1 &quot;$file&quot;" />
            <Clean command="/usr/bin/make -f &quot;/home/shang/cpp_ws/practice_opencv3/build-dense_mapping-Desktop_Qt_5_8_0_GCC_64bit-Default/Makefile&quot;  VERBOSE=1 clean" />
            <DistClean command="/usr/bin/make -f &quot;/home/shang/cpp_ws/practice_opencv3/build-dense_mapping-Desktop_Qt_5_8_0_GCC_64bit-Default/Makefile&quot;  VERBOSE=1 clean" />
         </MakeCommands>
      </Target>
      <Target title="dense_mapping">
         <Option output="/home/shang/cpp_ws/practice_opencv3/build-dense_mapping-Desktop_Qt_5_8_0_GCC_64bit-Default/dense_mapping" prefix_auto="0" extension_auto="0" />
         <Option working_dir="/home/shang/cpp_ws/practice_opencv3/build-dense_mapping-Desktop_Qt_5_8_0_GCC_64bit-Default" />
         <Option object_output="./" />
         <Option type="1" />
         <Option compiler="gcc" />
         <Compiler>
            <Add directory="/usr/include" />
            <Add directory="/usr/include/c++/4.8" />
            <Add directory="/usr/include/c++/4.8/backward" />
            <Add directory="/usr/include/x86_64-linux-gnu" />
            <Add directory="/usr/include/x86_64-linux-gnu/c++/4.8" />
            <Add directory="/usr/lib/gcc/x86_64-linux-gnu/4.8/include" />
            <Add directory="/usr/lib/gcc/x86_64-linux-gnu/4.8/include-fixed" />
            <Add directory="/usr/local/include" />
         </Compiler>
         <MakeCommands>
            <Build command="/usr/bin/make -f &quot;/home/shang/cpp_ws/practice_opencv3/build-dense_mapping-Desktop_Qt_5_8_0_GCC_64bit-Default/Makefile&quot;  VERBOSE=1 dense_mapping" />
            <CompileFile command="/usr/bin/make -f &quot;/home/shang/cpp_ws/practice_opencv3/build-dense_mapping-Desktop_Qt_5_8_0_GCC_64bit-Default/Makefile&quot;  VERBOSE=1 &quot;$file&quot;" />
            <Clean command="/usr/bin/make -f &quot;/home/shang/cpp_ws/practice_opencv3/build-dense_mapping-Desktop_Qt_5_8_0_GCC_64bit-Default/Makefile&quot;  VERBOSE=1 clean" />
            <DistClean command="/usr/bin/make -f &quot;/home/shang/cpp_ws/practice_opencv3/build-dense_mapping-Desktop_Qt_5_8_0_GCC_64bit-Default/Makefile&quot;  VERBOSE=1 clean" />
         </MakeCommands>
      </Target>
      <Target title="dense_mapping/fast">
         <Option output="/home/shang/cpp_ws/practice_opencv3/build-dense_mapping-Desktop_Qt_5_8_0_GCC_64bit-Default/dense_mapping" prefix_auto="0" extension_auto="0" />
         <Option working_dir="/home/shang/cpp_ws/practice_opencv3/build-dense_mapping-Desktop_Qt_5_8_0_GCC_64bit-Default" />
         <Option object_output="./" />
         <Option type="1" />
         <Option compiler="gcc" />
         <Compiler>
            <Add directory="/usr/include" />
            <Add directory="/usr/include/c++/4.8" />
            <Add directory="/usr/include/c++/4.8/backward" />
            <Add directory="/usr/include/x86_64-linux-gnu" />
            <Add directory="/usr/include/x86_64-linux-gnu/c++/4.8" />
            <Add directory="/usr/lib/gcc/x86_64-linux-gnu/4.8/include" />
            <Add directory="/usr/lib/gcc/x86_64-linux-gnu/4.8/include-fixed" />
            <Add directory="/usr/local/include" />
         </Compiler>
         <MakeCommands>
            <Build command="/usr/bin/make -f &quot;/home/shang/cpp_ws/practice_opencv3/build-dense_mapping-Desktop_Qt_5_8_0_GCC_64bit-Default/Makefile&quot;  VERBOSE=1 dense_mapping/fast" />
            <CompileFile command="/usr/bin/make -f &quot;/home/shang/cpp_ws/practice_opencv3/build-dense_mapping-Desktop_Qt_5_8_0_GCC_64bit-Default/Makefile&quot;  VERBOSE=1 &quot;$file&quot;" />
            <Clean command="/usr/bin/make -f &quot;/home/shang/cpp_ws/practice_opencv3/build-dense_mapping-Desktop_Qt_5_8_0_GCC_64bit-Default/Makefile&quot;  VERBOSE=1 clean" />
            <DistClean command="/usr/bin/make -f &quot;/home/shang/cpp_ws/practice_opencv3/build-dense_mapping-Desktop_Qt_5_8_0_GCC_64bit-Default/Makefile&quot;  VERBOSE=1 clean" />
         </MakeCommands>
      </Target>
      <Target title="edit_cache">
         <Option working_dir="/home/shang/cpp_ws/practice_opencv3/build-dense_mapping-Desktop_Qt_5_8_0_GCC_64bit-Default" />
         <Option type="4" />
         <MakeCommands>
            <Build command="/usr/bin/make -f &quot;/home/shang/cpp_ws/practice_opencv3/build-dense_mapping-Desktop_Qt_5_8_0_GCC_64bit-Default/Makefile&quot;  VERBOSE=1 edit_cache" />
            <CompileFile command="/usr/bin/make -f &quot;/home/shang/cpp_ws/practice_opencv3/build-dense_mapping-Desktop_Qt_5_8_0_GCC_64bit-Default/Makefile&quot;  VERBOSE=1 &quot;$file&quot;" />
            <Clean command="/usr/bin/make -f &quot;/home/shang/cpp_ws/practice_opencv3/build-dense_mapping-Desktop_Qt_5_8_0_GCC_64bit-Default/Makefile&quot;  VERBOSE=1 clean" />
            <DistClean command="/usr/bin/make -f &quot;/home/shang/cpp_ws/practice_opencv3/build-dense_mapping-Desktop_Qt_5_8_0_GCC_64bit-Default/Makefile&quot;  VERBOSE=1 clean" />
         </MakeCommands>
      </Target>
      <Target title="rebuild_cache">
         <Option working_dir="/home/shang/cpp_ws/practice_opencv3/build-dense_mapping-Desktop_Qt_5_8_0_GCC_64bit-Default" />
         <Option type="4" />
         <MakeCommands>
            <Build command="/usr/bin/make -f &quot;/home/shang/cpp_ws/practice_opencv3/build-dense_mapping-Desktop_Qt_5_8_0_GCC_64bit-Default/Makefile&quot;  VERBOSE=1 rebuild_cache" />
            <CompileFile command="/usr/bin/make -f &quot;/home/shang/cpp_ws/practice_opencv3/build-dense_mapping-Desktop_Qt_5_8_0_GCC_64bit-Default/Makefile&quot;  VERBOSE=1 &quot;$file&quot;" />
            <Clean command="/usr/bin/make -f &quot;/home/shang/cpp_ws/practice_opencv3/build-dense_mapping-Desktop_Qt_5_8_0_GCC_64bit-Default/Makefile&quot;  VERBOSE=1 clean" />
            <DistClean command="/usr/bin/make -f &quot;/home/shang/cpp_ws/practice_opencv3/build-dense_mapping-Desktop_Qt_5_8_0_GCC_64bit-Default/Makefile&quot;  VERBOSE=1 clean" />
         </MakeCommands>
      </Target>
      </Build>
      <Unit filename="/home/shang/cpp_ws/practice_opencv3/dense_mapping/main.cpp">
      </Unit>
      <Unit filename="/home/shang/cpp_ws/practice_opencv3/dense_mapping/CMakeLists.txt">
          <Option virtualFolder="CMake Files\" />
      </Unit>
   </Project>
</CodeBlocks_project_file>
